{
  "originHash" : "d5966ded4b35533174669802db3ab725442fdf20688fa4519ed7da66c724b167",
  "pins" : [
    {
      "identity" : "client-sdk-swift",
      "kind" : "remoteSourceControl",
      "location" : "https://github.com/livekit/client-sdk-swift",
      "state" : {
        "revision" : "2ef58ab19eb653d631286c35fa1f1ef3bef34c78",
        "version" : "2.0.12"
      }
    },
    {
      "identity" : "swift-krisp-noise-filter",
      "kind" : "remoteSourceControl",
      "location" : "https://github.com/livekit/swift-krisp-noise-filter",
      "state" : {
        "revision" : "b22efadd9ca926e73fd00285df676488e4276593",
        "version" : "0.0.5"
      }
    },
    {
      "identity" : "swift-log",
      "kind" : "remoteSourceControl",
      "location" : "https://github.com/apple/swift-log.git",
      "state" : {
        "revision" : "9cb486020ebf03bfa5b5df985387a14a98744537",
        "version" : "1.6.1"
      }
    },
    {
      "identity" : "swift-protobuf",
      "kind" : "remoteSourceControl",
      "location" : "https://github.com/apple/swift-protobuf.git",
      "state" : {
        "revision" : "e17d61f26df0f0e06f58f6977ba05a097a720106",
        "version" : "1.27.1"
      }
    },
    {
      "identity" : "webrtc-xcframework",
      "kind" : "remoteSourceControl",
      "location" : "https://github.com/livekit/webrtc-xcframework.git",
      "state" : {
        "revision" : "d2e233b034cac7489aa4c86baa5ce7fb8ca70711",
        "version" : "125.6422.3"
      }
    }
  ],
  "version" : 3
}
